// !$*UTF8*$!
{
	archiveVersion = 1;
	classes = {
	};
	objectVersion = 51;
	objects = {

/* Begin PBXBuildFile section */
		0715A342260CD1860077882A /* AppDelegate.swift in Sources */ = {isa = PBXBuildFile; fileRef = 0715A341260CD1860077882A /* AppDelegate.swift */; };
		0715A344260CD1860077882A /* SceneDelegate.swift in Sources */ = {isa = PBXBuildFile; fileRef = 0715A343260CD1860077882A /* SceneDelegate.swift */; };
		0715A346260CD1860077882A /* ViewController.swift in Sources */ = {isa = PBXBuildFile; fileRef = 0715A345260CD1860077882A /* ViewController.swift */; };
		0715A349260CD1860077882A /* Main.storyboard in Resources */ = {isa = PBXBuildFile; fileRef = 0715A347260CD1860077882A /* Main.storyboard */; };
		0715A34B260CD1870077882A /* Assets.xcassets in Resources */ = {isa = PBXBuildFile; fileRef = 0715A34A260CD1870077882A /* Assets.xcassets */; };
		0715A34E260CD1870077882A /* LaunchScreen.storyboard in Resources */ = {isa = PBXBuildFile; fileRef = 0715A34C260CD1870077882A /* LaunchScreen.storyboard */; };
		BB1550D96B5D0731DF9A142A /* Pods_About_Me_iOS.framework in Frameworks */ = {isa = PBXBuildFile; fileRef = 4695D086F5E1ED7FA37BF42C /* Pods_About_Me_iOS.framework */; };
		FF238FB82639A09C005F8CA8 /* MyProfileDetailViewController.swift in Sources */ = {isa = PBXBuildFile; fileRef = FF238FB72639A09C005F8CA8 /* MyProfileDetailViewController.swift */; };
		FF68A723262C5CDB007253E0 /* feed@1x.png in Resources */ = {isa = PBXBuildFile; fileRef = FF68A722262C5CDB007253E0 /* feed@1x.png */; };
		FF68A726262C5DAA007253E0 /* lock@1x.png in Resources */ = {isa = PBXBuildFile; fileRef = FF68A725262C5DAA007253E0 /* lock@1x.png */; };
		FF68A729262C5F94007253E0 /* heart.png in Resources */ = {isa = PBXBuildFile; fileRef = FF68A728262C5F94007253E0 /* heart.png */; };
		FF68A72C262D8AC2007253E0 /* HomeAfterViewController.swift in Sources */ = {isa = PBXBuildFile; fileRef = FF68A72B262D8AC2007253E0 /* HomeAfterViewController.swift */; };
		FF68A735262D97F1007253E0 /* HomeAfterCollectionViewCell.swift in Sources */ = {isa = PBXBuildFile; fileRef = FF68A733262D97F1007253E0 /* HomeAfterCollectionViewCell.swift */; };
		FF68A736262D97F1007253E0 /* HomeAfterCollectionViewCell.xib in Resources */ = {isa = PBXBuildFile; fileRef = FF68A734262D97F1007253E0 /* HomeAfterCollectionViewCell.xib */; };
		FF7CB4642625ECF70017783F /* HomeDetailViewController.swift in Sources */ = {isa = PBXBuildFile; fileRef = FF7CB4632625ECF70017783F /* HomeDetailViewController.swift */; };
		FF896062261603FB00CB6492 /* QuestionsViewController.swift in Sources */ = {isa = PBXBuildFile; fileRef = FF896061261603FB00CB6492 /* QuestionsViewController.swift */; };
		FF8960672616058D00CB6492 /* AdvisoryAnswerViewController.swift in Sources */ = {isa = PBXBuildFile; fileRef = FF8960662616058D00CB6492 /* AdvisoryAnswerViewController.swift */; };
		FF89606A2616066000CB6492 /* SocialViewController.swift in Sources */ = {isa = PBXBuildFile; fileRef = FF8960692616066000CB6492 /* SocialViewController.swift */; };
		FF89606D261606F000CB6492 /* MyProfileViewController.swift in Sources */ = {isa = PBXBuildFile; fileRef = FF89606C261606F000CB6492 /* MyProfileViewController.swift */; };
		FFA7CEE8263C04510021DD29 /* Arrow.png in Resources */ = {isa = PBXBuildFile; fileRef = FFA7CEE7263C04510021DD29 /* Arrow.png */; };
		FFA7CEEC263C04570021DD29 /* Arrow@2x.png in Resources */ = {isa = PBXBuildFile; fileRef = FFA7CEEA263C04570021DD29 /* Arrow@2x.png */; };
		FFA7CEED263C04570021DD29 /* Arrow@3x.png in Resources */ = {isa = PBXBuildFile; fileRef = FFA7CEEB263C04570021DD29 /* Arrow@3x.png */; };
		FFA7CEF0263C109A0021DD29 /* Settings.png in Resources */ = {isa = PBXBuildFile; fileRef = FFA7CEEF263C10990021DD29 /* Settings.png */; };
		FFA7CEF4263C10A00021DD29 /* Settings@2x.png in Resources */ = {isa = PBXBuildFile; fileRef = FFA7CEF2263C10A00021DD29 /* Settings@2x.png */; };
		FFA7CEF5263C10A00021DD29 /* Settings@3x.png in Resources */ = {isa = PBXBuildFile; fileRef = FFA7CEF3263C10A00021DD29 /* Settings@3x.png */; };
		FFA7CEFB263C5B8D0021DD29 /* MyProfileCollectionViewCell.swift in Sources */ = {isa = PBXBuildFile; fileRef = FFA7CEF9263C5B8D0021DD29 /* MyProfileCollectionViewCell.swift */; };
		FFA7CEFC263C5B8D0021DD29 /* MyProfileCollectionViewCell.xib in Resources */ = {isa = PBXBuildFile; fileRef = FFA7CEFA263C5B8D0021DD29 /* MyProfileCollectionViewCell.xib */; };
		FFAE74C526287CAD0054CB2D /* Vector.png in Resources */ = {isa = PBXBuildFile; fileRef = FFAE74C426287CAD0054CB2D /* Vector.png */; };
		FFAE74C826287D2B0054CB2D /* icon.png in Resources */ = {isa = PBXBuildFile; fileRef = FFAE74C726287D2B0054CB2D /* icon.png */; };
		FFAE74CB2628AF7C0054CB2D /* check.png in Resources */ = {isa = PBXBuildFile; fileRef = FFAE74CA2628AF7C0054CB2D /* check.png */; };
		FFAE74CE2628B0CE0054CB2D /* delete.png in Resources */ = {isa = PBXBuildFile; fileRef = FFAE74CD2628B0CE0054CB2D /* delete.png */; };
		FFB4D0732615E3900011F1D4 /* SideOnlyViewController.swift in Sources */ = {isa = PBXBuildFile; fileRef = FFB4D0722615E3900011F1D4 /* SideOnlyViewController.swift */; };
		FFFDB826261F235100947C44 /* MainCollectionViewCell.swift in Sources */ = {isa = PBXBuildFile; fileRef = FFFDB824261F235100947C44 /* MainCollectionViewCell.swift */; };
		FFFDB827261F235100947C44 /* MainCollectionViewCell.xib in Resources */ = {isa = PBXBuildFile; fileRef = FFFDB825261F235100947C44 /* MainCollectionViewCell.xib */; };
/* End PBXBuildFile section */

/* Begin PBXFileReference section */
		0715A33E260CD1860077882A /* About-Me-iOS.app */ = {isa = PBXFileReference; explicitFileType = wrapper.application; includeInIndex = 0; path = "About-Me-iOS.app"; sourceTree = BUILT_PRODUCTS_DIR; };
		0715A341260CD1860077882A /* AppDelegate.swift */ = {isa = PBXFileReference; lastKnownFileType = sourcecode.swift; path = AppDelegate.swift; sourceTree = "<group>"; };
		0715A343260CD1860077882A /* SceneDelegate.swift */ = {isa = PBXFileReference; lastKnownFileType = sourcecode.swift; path = SceneDelegate.swift; sourceTree = "<group>"; };
		0715A345260CD1860077882A /* ViewController.swift */ = {isa = PBXFileReference; lastKnownFileType = sourcecode.swift; path = ViewController.swift; sourceTree = "<group>"; };
		0715A348260CD1860077882A /* Base */ = {isa = PBXFileReference; lastKnownFileType = file.storyboard; name = Base; path = Base.lproj/Main.storyboard; sourceTree = "<group>"; };
		0715A34A260CD1870077882A /* Assets.xcassets */ = {isa = PBXFileReference; lastKnownFileType = folder.assetcatalog; path = Assets.xcassets; sourceTree = "<group>"; };
		0715A34D260CD1870077882A /* Base */ = {isa = PBXFileReference; lastKnownFileType = file.storyboard; name = Base; path = Base.lproj/LaunchScreen.storyboard; sourceTree = "<group>"; };
		0715A34F260CD1870077882A /* Info.plist */ = {isa = PBXFileReference; lastKnownFileType = text.plist.xml; path = Info.plist; sourceTree = "<group>"; };
		303D176E49B1A96371CB97B1 /* Pods-About-Me-iOS.release.xcconfig */ = {isa = PBXFileReference; includeInIndex = 1; lastKnownFileType = text.xcconfig; name = "Pods-About-Me-iOS.release.xcconfig"; path = "Target Support Files/Pods-About-Me-iOS/Pods-About-Me-iOS.release.xcconfig"; sourceTree = "<group>"; };
		4695D086F5E1ED7FA37BF42C /* Pods_About_Me_iOS.framework */ = {isa = PBXFileReference; explicitFileType = wrapper.framework; includeInIndex = 0; path = Pods_About_Me_iOS.framework; sourceTree = BUILT_PRODUCTS_DIR; };
		ED4E2A372674212C230F6293 /* Pods-About-Me-iOS.debug.xcconfig */ = {isa = PBXFileReference; includeInIndex = 1; lastKnownFileType = text.xcconfig; name = "Pods-About-Me-iOS.debug.xcconfig"; path = "Target Support Files/Pods-About-Me-iOS/Pods-About-Me-iOS.debug.xcconfig"; sourceTree = "<group>"; };
		FF238FB72639A09C005F8CA8 /* MyProfileDetailViewController.swift */ = {isa = PBXFileReference; lastKnownFileType = sourcecode.swift; path = MyProfileDetailViewController.swift; sourceTree = "<group>"; };
		FF68A722262C5CDB007253E0 /* feed@1x.png */ = {isa = PBXFileReference; lastKnownFileType = image.png; path = "feed@1x.png"; sourceTree = "<group>"; };
		FF68A725262C5DAA007253E0 /* lock@1x.png */ = {isa = PBXFileReference; lastKnownFileType = image.png; path = "lock@1x.png"; sourceTree = "<group>"; };
		FF68A728262C5F94007253E0 /* heart.png */ = {isa = PBXFileReference; lastKnownFileType = image.png; path = heart.png; sourceTree = "<group>"; };
		FF68A72B262D8AC2007253E0 /* HomeAfterViewController.swift */ = {isa = PBXFileReference; lastKnownFileType = sourcecode.swift; path = HomeAfterViewController.swift; sourceTree = "<group>"; };
		FF68A733262D97F1007253E0 /* HomeAfterCollectionViewCell.swift */ = {isa = PBXFileReference; lastKnownFileType = sourcecode.swift; path = HomeAfterCollectionViewCell.swift; sourceTree = "<group>"; };
		FF68A734262D97F1007253E0 /* HomeAfterCollectionViewCell.xib */ = {isa = PBXFileReference; lastKnownFileType = file.xib; path = HomeAfterCollectionViewCell.xib; sourceTree = "<group>"; };
		FF7CB4632625ECF70017783F /* HomeDetailViewController.swift */ = {isa = PBXFileReference; lastKnownFileType = sourcecode.swift; path = HomeDetailViewController.swift; sourceTree = "<group>"; };
		FF896061261603FB00CB6492 /* QuestionsViewController.swift */ = {isa = PBXFileReference; lastKnownFileType = sourcecode.swift; path = QuestionsViewController.swift; sourceTree = "<group>"; };
		FF8960662616058D00CB6492 /* AdvisoryAnswerViewController.swift */ = {isa = PBXFileReference; lastKnownFileType = sourcecode.swift; path = AdvisoryAnswerViewController.swift; sourceTree = "<group>"; };
		FF8960692616066000CB6492 /* SocialViewController.swift */ = {isa = PBXFileReference; lastKnownFileType = sourcecode.swift; path = SocialViewController.swift; sourceTree = "<group>"; };
		FF89606C261606F000CB6492 /* MyProfileViewController.swift */ = {isa = PBXFileReference; lastKnownFileType = sourcecode.swift; path = MyProfileViewController.swift; sourceTree = "<group>"; };
		FFA7CEE7263C04510021DD29 /* Arrow.png */ = {isa = PBXFileReference; lastKnownFileType = image.png; path = Arrow.png; sourceTree = "<group>"; };
		FFA7CEEA263C04570021DD29 /* Arrow@2x.png */ = {isa = PBXFileReference; lastKnownFileType = image.png; path = "Arrow@2x.png"; sourceTree = "<group>"; };
		FFA7CEEB263C04570021DD29 /* Arrow@3x.png */ = {isa = PBXFileReference; lastKnownFileType = image.png; path = "Arrow@3x.png"; sourceTree = "<group>"; };
		FFA7CEEF263C10990021DD29 /* Settings.png */ = {isa = PBXFileReference; lastKnownFileType = image.png; path = Settings.png; sourceTree = "<group>"; };
		FFA7CEF2263C10A00021DD29 /* Settings@2x.png */ = {isa = PBXFileReference; lastKnownFileType = image.png; path = "Settings@2x.png"; sourceTree = "<group>"; };
		FFA7CEF3263C10A00021DD29 /* Settings@3x.png */ = {isa = PBXFileReference; lastKnownFileType = image.png; path = "Settings@3x.png"; sourceTree = "<group>"; };
		FFA7CEF9263C5B8D0021DD29 /* MyProfileCollectionViewCell.swift */ = {isa = PBXFileReference; lastKnownFileType = sourcecode.swift; path = MyProfileCollectionViewCell.swift; sourceTree = "<group>"; };
		FFA7CEFA263C5B8D0021DD29 /* MyProfileCollectionViewCell.xib */ = {isa = PBXFileReference; lastKnownFileType = file.xib; path = MyProfileCollectionViewCell.xib; sourceTree = "<group>"; };
		FFAE74C426287CAD0054CB2D /* Vector.png */ = {isa = PBXFileReference; lastKnownFileType = image.png; path = Vector.png; sourceTree = "<group>"; };
		FFAE74C726287D2B0054CB2D /* icon.png */ = {isa = PBXFileReference; lastKnownFileType = image.png; path = icon.png; sourceTree = "<group>"; };
		FFAE74CA2628AF7C0054CB2D /* check.png */ = {isa = PBXFileReference; lastKnownFileType = image.png; path = check.png; sourceTree = "<group>"; };
		FFAE74CD2628B0CE0054CB2D /* delete.png */ = {isa = PBXFileReference; lastKnownFileType = image.png; path = delete.png; sourceTree = "<group>"; };
		FFB4D0722615E3900011F1D4 /* SideOnlyViewController.swift */ = {isa = PBXFileReference; lastKnownFileType = sourcecode.swift; path = SideOnlyViewController.swift; sourceTree = "<group>"; };
		FFFDB824261F235100947C44 /* MainCollectionViewCell.swift */ = {isa = PBXFileReference; lastKnownFileType = sourcecode.swift; path = MainCollectionViewCell.swift; sourceTree = "<group>"; };
		FFFDB825261F235100947C44 /* MainCollectionViewCell.xib */ = {isa = PBXFileReference; lastKnownFileType = file.xib; path = MainCollectionViewCell.xib; sourceTree = "<group>"; };
/* End PBXFileReference section */

/* Begin PBXFrameworksBuildPhase section */
		0715A33B260CD1860077882A /* Frameworks */ = {
			isa = PBXFrameworksBuildPhase;
			buildActionMask = 2147483647;
			files = (
				BB1550D96B5D0731DF9A142A /* Pods_About_Me_iOS.framework in Frameworks */,
			);
			runOnlyForDeploymentPostprocessing = 0;
		};
/* End PBXFrameworksBuildPhase section */

/* Begin PBXGroup section */
		0715A335260CD1860077882A = {
			isa = PBXGroup;
			children = (
				0715A340260CD1860077882A /* About-Me-iOS */,
				0715A33F260CD1860077882A /* Products */,
				E45D6508C2D62EF6EF67D7BC /* Pods */,
				FAD1F03200034F13B6130A6E /* Frameworks */,
			);
			sourceTree = "<group>";
		};
		0715A33F260CD1860077882A /* Products */ = {
			isa = PBXGroup;
			children = (
				0715A33E260CD1860077882A /* About-Me-iOS.app */,
			);
			name = Products;
			sourceTree = "<group>";
		};
		0715A340260CD1860077882A /* About-Me-iOS */ = {
			isa = PBXGroup;
			children = (
				FFAE74C326287CA10054CB2D /* ImgaeFile */,
				FFFDB823261F233800947C44 /* Mainxib */,
				FFA7CEF8263C5B690021DD29 /* ProfileXib */,
				0715A341260CD1860077882A /* AppDelegate.swift */,
				FFB4D0722615E3900011F1D4 /* SideOnlyViewController.swift */,
				0715A343260CD1860077882A /* SceneDelegate.swift */,
				0715A345260CD1860077882A /* ViewController.swift */,
				FF68A72B262D8AC2007253E0 /* HomeAfterViewController.swift */,
				0715A347260CD1860077882A /* Main.storyboard */,
				0715A34A260CD1870077882A /* Assets.xcassets */,
				0715A34C260CD1870077882A /* LaunchScreen.storyboard */,
				0715A34F260CD1870077882A /* Info.plist */,
				FF896061261603FB00CB6492 /* QuestionsViewController.swift */,
				FF8960662616058D00CB6492 /* AdvisoryAnswerViewController.swift */,
				FF8960692616066000CB6492 /* SocialViewController.swift */,
				FF7CB4632625ECF70017783F /* HomeDetailViewController.swift */,
				FF89606C261606F000CB6492 /* MyProfileViewController.swift */,
				FF238FB72639A09C005F8CA8 /* MyProfileDetailViewController.swift */,
			);
			path = "About-Me-iOS";
			sourceTree = "<group>";
		};
		E45D6508C2D62EF6EF67D7BC /* Pods */ = {
			isa = PBXGroup;
			children = (
				ED4E2A372674212C230F6293 /* Pods-About-Me-iOS.debug.xcconfig */,
				303D176E49B1A96371CB97B1 /* Pods-About-Me-iOS.release.xcconfig */,
			);
			path = Pods;
			sourceTree = "<group>";
		};
		FAD1F03200034F13B6130A6E /* Frameworks */ = {
			isa = PBXGroup;
			children = (
				4695D086F5E1ED7FA37BF42C /* Pods_About_Me_iOS.framework */,
			);
			name = Frameworks;
			sourceTree = "<group>";
		};
		FFA7CEF8263C5B690021DD29 /* ProfileXib */ = {
			isa = PBXGroup;
			children = (
				FFA7CEF9263C5B8D0021DD29 /* MyProfileCollectionViewCell.swift */,
				FFA7CEFA263C5B8D0021DD29 /* MyProfileCollectionViewCell.xib */,
			);
			path = ProfileXib;
			sourceTree = "<group>";
		};
		FFAE74C326287CA10054CB2D /* ImgaeFile */ = {
			isa = PBXGroup;
			children = (
				FFA7CEF2263C10A00021DD29 /* Settings@2x.png */,
				FFA7CEF3263C10A00021DD29 /* Settings@3x.png */,
				FFA7CEEF263C10990021DD29 /* Settings.png */,
				FFA7CEEA263C04570021DD29 /* Arrow@2x.png */,
				FFA7CEEB263C04570021DD29 /* Arrow@3x.png */,
				FFA7CEE7263C04510021DD29 /* Arrow.png */,
				FF68A728262C5F94007253E0 /* heart.png */,
				FF68A725262C5DAA007253E0 /* lock@1x.png */,
				FF68A722262C5CDB007253E0 /* feed@1x.png */,
				FFAE74C426287CAD0054CB2D /* Vector.png */,
				FFAE74C726287D2B0054CB2D /* icon.png */,
				FFAE74CD2628B0CE0054CB2D /* delete.png */,
				FFAE74CA2628AF7C0054CB2D /* check.png */,
			);
			path = ImgaeFile;
			sourceTree = "<group>";
		};
		FFFDB823261F233800947C44 /* Mainxib */ = {
			isa = PBXGroup;
			children = (
				FFFDB824261F235100947C44 /* MainCollectionViewCell.swift */,
				FFFDB825261F235100947C44 /* MainCollectionViewCell.xib */,
				FF68A733262D97F1007253E0 /* HomeAfterCollectionViewCell.swift */,
				FF68A734262D97F1007253E0 /* HomeAfterCollectionViewCell.xib */,
			);
			path = Mainxib;
			sourceTree = "<group>";
		};
/* End PBXGroup section */

/* Begin PBXNativeTarget section */
		0715A33D260CD1860077882A /* About-Me-iOS */ = {
			isa = PBXNativeTarget;
			buildConfigurationList = 0715A352260CD1870077882A /* Build configuration list for PBXNativeTarget "About-Me-iOS" */;
			buildPhases = (
				DC4E6FED338908522ED3E73D /* [CP] Check Pods Manifest.lock */,
				0715A33A260CD1860077882A /* Sources */,
				0715A33B260CD1860077882A /* Frameworks */,
				0715A33C260CD1860077882A /* Resources */,
				4B9CBC91252DC0811E4006C7 /* [CP] Embed Pods Frameworks */,
			);
			buildRules = (
			);
			dependencies = (
			);
			name = "About-Me-iOS";
			productName = "About-Me-iOS";
			productReference = 0715A33E260CD1860077882A /* About-Me-iOS.app */;
			productType = "com.apple.product-type.application";
		};
/* End PBXNativeTarget section */

/* Begin PBXProject section */
		0715A336260CD1860077882A /* Project object */ = {
			isa = PBXProject;
			attributes = {
				LastSwiftUpdateCheck = 1240;
				LastUpgradeCheck = 1240;
				TargetAttributes = {
					0715A33D260CD1860077882A = {
						CreatedOnToolsVersion = 12.4;
					};
				};
			};
			buildConfigurationList = 0715A339260CD1860077882A /* Build configuration list for PBXProject "About-Me-iOS" */;
			compatibilityVersion = "Xcode 9.3";
			developmentRegion = en;
			hasScannedForEncodings = 0;
			knownRegions = (
				en,
				Base,
			);
			mainGroup = 0715A335260CD1860077882A;
			productRefGroup = 0715A33F260CD1860077882A /* Products */;
			projectDirPath = "";
			projectRoot = "";
			targets = (
				0715A33D260CD1860077882A /* About-Me-iOS */,
			);
		};
/* End PBXProject section */

/* Begin PBXResourcesBuildPhase section */
		0715A33C260CD1860077882A /* Resources */ = {
			isa = PBXResourcesBuildPhase;
			buildActionMask = 2147483647;
			files = (
				FFA7CEF0263C109A0021DD29 /* Settings.png in Resources */,
				FFAE74CE2628B0CE0054CB2D /* delete.png in Resources */,
				FFA7CEFC263C5B8D0021DD29 /* MyProfileCollectionViewCell.xib in Resources */,
				FF68A729262C5F94007253E0 /* heart.png in Resources */,
				FFA7CEEC263C04570021DD29 /* Arrow@2x.png in Resources */,
				FF68A723262C5CDB007253E0 /* feed@1x.png in Resources */,
				0715A34E260CD1870077882A /* LaunchScreen.storyboard in Resources */,
				0715A34B260CD1870077882A /* Assets.xcassets in Resources */,
				FFA7CEF4263C10A00021DD29 /* Settings@2x.png in Resources */,
				FF68A726262C5DAA007253E0 /* lock@1x.png in Resources */,
				FFAE74CB2628AF7C0054CB2D /* check.png in Resources */,
				FFAE74C826287D2B0054CB2D /* icon.png in Resources */,
				FFAE74C526287CAD0054CB2D /* Vector.png in Resources */,
				FFA7CEED263C04570021DD29 /* Arrow@3x.png in Resources */,
				FFA7CEE8263C04510021DD29 /* Arrow.png in Resources */,
				0715A349260CD1860077882A /* Main.storyboard in Resources */,
				FF68A736262D97F1007253E0 /* HomeAfterCollectionViewCell.xib in Resources */,
				FFA7CEF5263C10A00021DD29 /* Settings@3x.png in Resources */,
				FFFDB827261F235100947C44 /* MainCollectionViewCell.xib in Resources */,
			);
			runOnlyForDeploymentPostprocessing = 0;
		};
/* End PBXResourcesBuildPhase section */

/* Begin PBXShellScriptBuildPhase section */
		4B9CBC91252DC0811E4006C7 /* [CP] Embed Pods Frameworks */ = {
			isa = PBXShellScriptBuildPhase;
			buildActionMask = 2147483647;
			files = (
			);
			inputFileListPaths = (
				"${PODS_ROOT}/Target Support Files/Pods-About-Me-iOS/Pods-About-Me-iOS-frameworks-${CONFIGURATION}-input-files.xcfilelist",
			);
			name = "[CP] Embed Pods Frameworks";
			outputFileListPaths = (
				"${PODS_ROOT}/Target Support Files/Pods-About-Me-iOS/Pods-About-Me-iOS-frameworks-${CONFIGURATION}-output-files.xcfilelist",
			);
			runOnlyForDeploymentPostprocessing = 0;
			shellPath = /bin/sh;
			shellScript = "\"${PODS_ROOT}/Target Support Files/Pods-About-Me-iOS/Pods-About-Me-iOS-frameworks.sh\"\n";
			showEnvVarsInLog = 0;
		};
		DC4E6FED338908522ED3E73D /* [CP] Check Pods Manifest.lock */ = {
			isa = PBXShellScriptBuildPhase;
			buildActionMask = 2147483647;
			files = (
			);
			inputFileListPaths = (
			);
			inputPaths = (
				"${PODS_PODFILE_DIR_PATH}/Podfile.lock",
				"${PODS_ROOT}/Manifest.lock",
			);
			name = "[CP] Check Pods Manifest.lock";
			outputFileListPaths = (
			);
			outputPaths = (
				"$(DERIVED_FILE_DIR)/Pods-About-Me-iOS-checkManifestLockResult.txt",
			);
			runOnlyForDeploymentPostprocessing = 0;
			shellPath = /bin/sh;
			shellScript = "diff \"${PODS_PODFILE_DIR_PATH}/Podfile.lock\" \"${PODS_ROOT}/Manifest.lock\" > /dev/null\nif [ $? != 0 ] ; then\n    # print error to STDERR\n    echo \"error: The sandbox is not in sync with the Podfile.lock. Run 'pod install' or update your CocoaPods installation.\" >&2\n    exit 1\nfi\n# This output is used by Xcode 'outputs' to avoid re-running this script phase.\necho \"SUCCESS\" > \"${SCRIPT_OUTPUT_FILE_0}\"\n";
			showEnvVarsInLog = 0;
		};
/* End PBXShellScriptBuildPhase section */

/* Begin PBXSourcesBuildPhase section */
		0715A33A260CD1860077882A /* Sources */ = {
			isa = PBXSourcesBuildPhase;
			buildActionMask = 2147483647;
			files = (
				FF7CB4642625ECF70017783F /* HomeDetailViewController.swift in Sources */,
				0715A346260CD1860077882A /* ViewController.swift in Sources */,
				FFFDB826261F235100947C44 /* MainCollectionViewCell.swift in Sources */,
				FF8960672616058D00CB6492 /* AdvisoryAnswerViewController.swift in Sources */,
				FF89606A2616066000CB6492 /* SocialViewController.swift in Sources */,
				FF896062261603FB00CB6492 /* QuestionsViewController.swift in Sources */,
				FFA7CEFB263C5B8D0021DD29 /* MyProfileCollectionViewCell.swift in Sources */,
				0715A342260CD1860077882A /* AppDelegate.swift in Sources */,
				FFB4D0732615E3900011F1D4 /* SideOnlyViewController.swift in Sources */,
				FF89606D261606F000CB6492 /* MyProfileViewController.swift in Sources */,
				0715A344260CD1860077882A /* SceneDelegate.swift in Sources */,
				FF68A735262D97F1007253E0 /* HomeAfterCollectionViewCell.swift in Sources */,
				FF238FB82639A09C005F8CA8 /* MyProfileDetailViewController.swift in Sources */,
				FF68A72C262D8AC2007253E0 /* HomeAfterViewController.swift in Sources */,
			);
			runOnlyForDeploymentPostprocessing = 0;
		};
/* End PBXSourcesBuildPhase section */

/* Begin PBXVariantGroup section */
		0715A347260CD1860077882A /* Main.storyboard */ = {
			isa = PBXVariantGroup;
			children = (
				0715A348260CD1860077882A /* Base */,
			);
			name = Main.storyboard;
			sourceTree = "<group>";
		};
		0715A34C260CD1870077882A /* LaunchScreen.storyboard */ = {
			isa = PBXVariantGroup;
			children = (
				0715A34D260CD1870077882A /* Base */,
			);
			name = LaunchScreen.storyboard;
			sourceTree = "<group>";
		};
/* End PBXVariantGroup section */

/* Begin XCBuildConfiguration section */
		0715A350260CD1870077882A /* Debug */ = {
			isa = XCBuildConfiguration;
			buildSettings = {
				ALWAYS_SEARCH_USER_PATHS = NO;
				CLANG_ANALYZER_NONNULL = YES;
				CLANG_ANALYZER_NUMBER_OBJECT_CONVERSION = YES_AGGRESSIVE;
				CLANG_CXX_LANGUAGE_STANDARD = "gnu++14";
				CLANG_CXX_LIBRARY = "libc++";
				CLANG_ENABLE_MODULES = YES;
				CLANG_ENABLE_OBJC_ARC = YES;
				CLANG_ENABLE_OBJC_WEAK = YES;
				CLANG_WARN_BLOCK_CAPTURE_AUTORELEASING = YES;
				CLANG_WARN_BOOL_CONVERSION = YES;
				CLANG_WARN_COMMA = YES;
				CLANG_WARN_CONSTANT_CONVERSION = YES;
				CLANG_WARN_DEPRECATED_OBJC_IMPLEMENTATIONS = YES;
				CLANG_WARN_DIRECT_OBJC_ISA_USAGE = YES_ERROR;
				CLANG_WARN_DOCUMENTATION_COMMENTS = YES;
				CLANG_WARN_EMPTY_BODY = YES;
				CLANG_WARN_ENUM_CONVERSION = YES;
				CLANG_WARN_INFINITE_RECURSION = YES;
				CLANG_WARN_INT_CONVERSION = YES;
				CLANG_WARN_NON_LITERAL_NULL_CONVERSION = YES;
				CLANG_WARN_OBJC_IMPLICIT_RETAIN_SELF = YES;
				CLANG_WARN_OBJC_LITERAL_CONVERSION = YES;
				CLANG_WARN_OBJC_ROOT_CLASS = YES_ERROR;
				CLANG_WARN_QUOTED_INCLUDE_IN_FRAMEWORK_HEADER = YES;
				CLANG_WARN_RANGE_LOOP_ANALYSIS = YES;
				CLANG_WARN_STRICT_PROTOTYPES = YES;
				CLANG_WARN_SUSPICIOUS_MOVE = YES;
				CLANG_WARN_UNGUARDED_AVAILABILITY = YES_AGGRESSIVE;
				CLANG_WARN_UNREACHABLE_CODE = YES;
				CLANG_WARN__DUPLICATE_METHOD_MATCH = YES;
				COPY_PHASE_STRIP = NO;
				DEBUG_INFORMATION_FORMAT = dwarf;
				ENABLE_STRICT_OBJC_MSGSEND = YES;
				ENABLE_TESTABILITY = YES;
				GCC_C_LANGUAGE_STANDARD = gnu11;
				GCC_DYNAMIC_NO_PIC = NO;
				GCC_NO_COMMON_BLOCKS = YES;
				GCC_OPTIMIZATION_LEVEL = 0;
				GCC_PREPROCESSOR_DEFINITIONS = (
					"DEBUG=1",
					"$(inherited)",
				);
				GCC_WARN_64_TO_32_BIT_CONVERSION = YES;
				GCC_WARN_ABOUT_RETURN_TYPE = YES_ERROR;
				GCC_WARN_UNDECLARED_SELECTOR = YES;
				GCC_WARN_UNINITIALIZED_AUTOS = YES_AGGRESSIVE;
				GCC_WARN_UNUSED_FUNCTION = YES;
				GCC_WARN_UNUSED_VARIABLE = YES;
				IPHONEOS_DEPLOYMENT_TARGET = 14.4;
				MTL_ENABLE_DEBUG_INFO = INCLUDE_SOURCE;
				MTL_FAST_MATH = YES;
				ONLY_ACTIVE_ARCH = YES;
				SDKROOT = iphoneos;
				SWIFT_ACTIVE_COMPILATION_CONDITIONS = DEBUG;
				SWIFT_OPTIMIZATION_LEVEL = "-Onone";
			};
			name = Debug;
		};
		0715A351260CD1870077882A /* Release */ = {
			isa = XCBuildConfiguration;
			buildSettings = {
				ALWAYS_SEARCH_USER_PATHS = NO;
				CLANG_ANALYZER_NONNULL = YES;
				CLANG_ANALYZER_NUMBER_OBJECT_CONVERSION = YES_AGGRESSIVE;
				CLANG_CXX_LANGUAGE_STANDARD = "gnu++14";
				CLANG_CXX_LIBRARY = "libc++";
				CLANG_ENABLE_MODULES = YES;
				CLANG_ENABLE_OBJC_ARC = YES;
				CLANG_ENABLE_OBJC_WEAK = YES;
				CLANG_WARN_BLOCK_CAPTURE_AUTORELEASING = YES;
				CLANG_WARN_BOOL_CONVERSION = YES;
				CLANG_WARN_COMMA = YES;
				CLANG_WARN_CONSTANT_CONVERSION = YES;
				CLANG_WARN_DEPRECATED_OBJC_IMPLEMENTATIONS = YES;
				CLANG_WARN_DIRECT_OBJC_ISA_USAGE = YES_ERROR;
				CLANG_WARN_DOCUMENTATION_COMMENTS = YES;
				CLANG_WARN_EMPTY_BODY = YES;
				CLANG_WARN_ENUM_CONVERSION = YES;
				CLANG_WARN_INFINITE_RECURSION = YES;
				CLANG_WARN_INT_CONVERSION = YES;
				CLANG_WARN_NON_LITERAL_NULL_CONVERSION = YES;
				CLANG_WARN_OBJC_IMPLICIT_RETAIN_SELF = YES;
				CLANG_WARN_OBJC_LITERAL_CONVERSION = YES;
				CLANG_WARN_OBJC_ROOT_CLASS = YES_ERROR;
				CLANG_WARN_QUOTED_INCLUDE_IN_FRAMEWORK_HEADER = YES;
				CLANG_WARN_RANGE_LOOP_ANALYSIS = YES;
				CLANG_WARN_STRICT_PROTOTYPES = YES;
				CLANG_WARN_SUSPICIOUS_MOVE = YES;
				CLANG_WARN_UNGUARDED_AVAILABILITY = YES_AGGRESSIVE;
				CLANG_WARN_UNREACHABLE_CODE = YES;
				CLANG_WARN__DUPLICATE_METHOD_MATCH = YES;
				COPY_PHASE_STRIP = NO;
				DEBUG_INFORMATION_FORMAT = "dwarf-with-dsym";
				ENABLE_NS_ASSERTIONS = NO;
				ENABLE_STRICT_OBJC_MSGSEND = YES;
				GCC_C_LANGUAGE_STANDARD = gnu11;
				GCC_NO_COMMON_BLOCKS = YES;
				GCC_WARN_64_TO_32_BIT_CONVERSION = YES;
				GCC_WARN_ABOUT_RETURN_TYPE = YES_ERROR;
				GCC_WARN_UNDECLARED_SELECTOR = YES;
				GCC_WARN_UNINITIALIZED_AUTOS = YES_AGGRESSIVE;
				GCC_WARN_UNUSED_FUNCTION = YES;
				GCC_WARN_UNUSED_VARIABLE = YES;
				IPHONEOS_DEPLOYMENT_TARGET = 14.4;
				MTL_ENABLE_DEBUG_INFO = NO;
				MTL_FAST_MATH = YES;
				SDKROOT = iphoneos;
				SWIFT_COMPILATION_MODE = wholemodule;
				SWIFT_OPTIMIZATION_LEVEL = "-O";
				VALIDATE_PRODUCT = YES;
			};
			name = Release;
		};
		0715A353260CD1870077882A /* Debug */ = {
			isa = XCBuildConfiguration;
			baseConfigurationReference = ED4E2A372674212C230F6293 /* Pods-About-Me-iOS.debug.xcconfig */;
			buildSettings = {
				ASSETCATALOG_COMPILER_APPICON_NAME = AppIcon;
				ASSETCATALOG_COMPILER_GLOBAL_ACCENT_COLOR_NAME = AccentColor;
				CODE_SIGN_STYLE = Automatic;
				DEVELOPMENT_TEAM = XKA22N2KHA;
				INFOPLIST_FILE = "About-Me-iOS/Info.plist";
				IPHONEOS_DEPLOYMENT_TARGET = 14.2;
				LD_RUNPATH_SEARCH_PATHS = (
					"$(inherited)",
					"@executable_path/Frameworks",
				);
				PRODUCT_BUNDLE_IDENTIFIER = "hyeoni.About-Me-iOS";
				PRODUCT_NAME = "$(TARGET_NAME)";
				SWIFT_VERSION = 5.0;
				TARGETED_DEVICE_FAMILY = "1,2";
			};
			name = Debug;
		};
		0715A354260CD1870077882A /* Release */ = {
			isa = XCBuildConfiguration;
			baseConfigurationReference = 303D176E49B1A96371CB97B1 /* Pods-About-Me-iOS.release.xcconfig */;
			buildSettings = {
				ASSETCATALOG_COMPILER_APPICON_NAME = AppIcon;
				ASSETCATALOG_COMPILER_GLOBAL_ACCENT_COLOR_NAME = AccentColor;
				CODE_SIGN_STYLE = Automatic;
				DEVELOPMENT_TEAM = XKA22N2KHA;
				INFOPLIST_FILE = "About-Me-iOS/Info.plist";
				IPHONEOS_DEPLOYMENT_TARGET = 14.2;
				LD_RUNPATH_SEARCH_PATHS = (
					"$(inherited)",
					"@executable_path/Frameworks",
				);
				PRODUCT_BUNDLE_IDENTIFIER = "hyeoni.About-Me-iOS";
				PRODUCT_NAME = "$(TARGET_NAME)";
				SWIFT_VERSION = 5.0;
				TARGETED_DEVICE_FAMILY = "1,2";
			};
			name = Release;
		};
/* End XCBuildConfiguration section */

/* Begin XCConfigurationList section */
		0715A339260CD1860077882A /* Build configuration list for PBXProject "About-Me-iOS" */ = {
			isa = XCConfigurationList;
			buildConfigurations = (
				0715A350260CD1870077882A /* Debug */,
				0715A351260CD1870077882A /* Release */,
			);
			defaultConfigurationIsVisible = 0;
			defaultConfigurationName = Release;
		};
		0715A352260CD1870077882A /* Build configuration list for PBXNativeTarget "About-Me-iOS" */ = {
			isa = XCConfigurationList;
			buildConfigurations = (
				0715A353260CD1870077882A /* Debug */,
				0715A354260CD1870077882A /* Release */,
			);
			defaultConfigurationIsVisible = 0;
			defaultConfigurationName = Release;
		};
/* End XCConfigurationList section */
	};
	rootObject = 0715A336260CD1860077882A /* Project object */;
}
