// !$*UTF8*$!
{
	archiveVersion = 1;
	classes = {
	};
	objectVersion = 51;
	objects = {

/* Begin PBXBuildFile section */
		0715A342260CD1860077882A /* AppDelegate.swift in Sources */ = {isa = PBXBuildFile; fileRef = 0715A341260CD1860077882A /* AppDelegate.swift */; };
		0715A344260CD1860077882A /* SceneDelegate.swift in Sources */ = {isa = PBXBuildFile; fileRef = 0715A343260CD1860077882A /* SceneDelegate.swift */; };
		0715A346260CD1860077882A /* LoginViewController.swift in Sources */ = {isa = PBXBuildFile; fileRef = 0715A345260CD1860077882A /* LoginViewController.swift */; };
		0715A349260CD1860077882A /* Main.storyboard in Resources */ = {isa = PBXBuildFile; fileRef = 0715A347260CD1860077882A /* Main.storyboard */; };
		0715A34B260CD1870077882A /* Assets.xcassets in Resources */ = {isa = PBXBuildFile; fileRef = 0715A34A260CD1870077882A /* Assets.xcassets */; };
		0715A34E260CD1870077882A /* LaunchScreen.storyboard in Resources */ = {isa = PBXBuildFile; fileRef = 0715A34C260CD1870077882A /* LaunchScreen.storyboard */; };
		185B65AB261DA4C30016E2EA /* Home_temp.storyboard in Resources */ = {isa = PBXBuildFile; fileRef = 185B65AA261DA4C30016E2EA /* Home_temp.storyboard */; };
		185B65AF261DA5150016E2EA /* Home_tempViewController.swift in Sources */ = {isa = PBXBuildFile; fileRef = 185B65AE261DA5150016E2EA /* Home_tempViewController.swift */; };
		185B65B3261DA8020016E2EA /* ConciergeViewController.swift in Sources */ = {isa = PBXBuildFile; fileRef = 185B65B2261DA8020016E2EA /* ConciergeViewController.swift */; };
		185B65B7261DAA550016E2EA /* LandscapeManager.swift in Sources */ = {isa = PBXBuildFile; fileRef = 185B65B6261DAA550016E2EA /* LandscapeManager.swift */; };
		185B65C8261DDF530016E2EA /* OnboardingViewController.swift in Sources */ = {isa = PBXBuildFile; fileRef = 185B65C7261DDF530016E2EA /* OnboardingViewController.swift */; };
		18996FF9265F8C0A00AEC402 /* EditProfileViewController.swift in Sources */ = {isa = PBXBuildFile; fileRef = 18996FF8265F8C0A00AEC402 /* EditProfileViewController.swift */; };
		18996FFB265F8C8400AEC402 /* AlertSettingsViewController.swift in Sources */ = {isa = PBXBuildFile; fileRef = 18996FFA265F8C8400AEC402 /* AlertSettingsViewController.swift */; };
		18996FFD265F8C9500AEC402 /* QuestionsViewController.swift in Sources */ = {isa = PBXBuildFile; fileRef = 18996FFC265F8C9500AEC402 /* QuestionsViewController.swift */; };
		18996FFF265F8CB400AEC402 /* NoticesViewController.swift in Sources */ = {isa = PBXBuildFile; fileRef = 18996FFE265F8CB400AEC402 /* NoticesViewController.swift */; };
		189D8843262862630097C4A9 /* TestViewController.swift in Sources */ = {isa = PBXBuildFile; fileRef = 189D8842262862630097C4A9 /* TestViewController.swift */; };
		18B040AA2635EB890018FF12 /* AdditionalProfileViewController.swift in Sources */ = {isa = PBXBuildFile; fileRef = 18B040A92635EB890018FF12 /* AdditionalProfileViewController.swift */; };
		18BB4BA52656827700800127 /* GmarketSansTTFMedium.ttf in Resources */ = {isa = PBXBuildFile; fileRef = 18BB4BA42656827700800127 /* GmarketSansTTFMedium.ttf */; };
		18BB4BA8265D512F00800127 /* AdditionalProfileApiService.swift in Sources */ = {isa = PBXBuildFile; fileRef = 18BB4BA7265D512F00800127 /* AdditionalProfileApiService.swift */; };
		18BB4BAA265D557400800127 /* AdditionalProfileList.swift in Sources */ = {isa = PBXBuildFile; fileRef = 18BB4BA9265D557400800127 /* AdditionalProfileList.swift */; };
		18D02F6E264318A70015E1C5 /* Settings.storyboard in Resources */ = {isa = PBXBuildFile; fileRef = 18D02F6D264318A70015E1C5 /* Settings.storyboard */; };
		18D02F70264318B50015E1C5 /* SettingsViewController.swift in Sources */ = {isa = PBXBuildFile; fileRef = 18D02F6F264318B50015E1C5 /* SettingsViewController.swift */; };
		BB1550D96B5D0731DF9A142A /* Pods_About_Me_iOS.framework in Frameworks */ = {isa = PBXBuildFile; fileRef = 4695D086F5E1ED7FA37BF42C /* Pods_About_Me_iOS.framework */; };
/* End PBXBuildFile section */

/* Begin PBXFileReference section */
		0715A33E260CD1860077882A /* About-Me-iOS.app */ = {isa = PBXFileReference; explicitFileType = wrapper.application; includeInIndex = 0; path = "About-Me-iOS.app"; sourceTree = BUILT_PRODUCTS_DIR; };
		0715A341260CD1860077882A /* AppDelegate.swift */ = {isa = PBXFileReference; lastKnownFileType = sourcecode.swift; path = AppDelegate.swift; sourceTree = "<group>"; };
		0715A343260CD1860077882A /* SceneDelegate.swift */ = {isa = PBXFileReference; lastKnownFileType = sourcecode.swift; path = SceneDelegate.swift; sourceTree = "<group>"; };
		0715A345260CD1860077882A /* LoginViewController.swift */ = {isa = PBXFileReference; lastKnownFileType = sourcecode.swift; path = LoginViewController.swift; sourceTree = "<group>"; };
		0715A348260CD1860077882A /* Base */ = {isa = PBXFileReference; lastKnownFileType = file.storyboard; name = Base; path = Base.lproj/Main.storyboard; sourceTree = "<group>"; };
		0715A34A260CD1870077882A /* Assets.xcassets */ = {isa = PBXFileReference; lastKnownFileType = folder.assetcatalog; path = Assets.xcassets; sourceTree = "<group>"; };
		0715A34D260CD1870077882A /* Base */ = {isa = PBXFileReference; lastKnownFileType = file.storyboard; name = Base; path = Base.lproj/LaunchScreen.storyboard; sourceTree = "<group>"; };
		0715A34F260CD1870077882A /* Info.plist */ = {isa = PBXFileReference; lastKnownFileType = text.plist.xml; path = Info.plist; sourceTree = "<group>"; };
		185B65AA261DA4C30016E2EA /* Home_temp.storyboard */ = {isa = PBXFileReference; lastKnownFileType = file.storyboard; path = Home_temp.storyboard; sourceTree = "<group>"; };
		185B65AE261DA5150016E2EA /* Home_tempViewController.swift */ = {isa = PBXFileReference; lastKnownFileType = sourcecode.swift; path = Home_tempViewController.swift; sourceTree = "<group>"; };
		185B65B2261DA8020016E2EA /* ConciergeViewController.swift */ = {isa = PBXFileReference; lastKnownFileType = sourcecode.swift; path = ConciergeViewController.swift; sourceTree = "<group>"; };
		185B65B6261DAA550016E2EA /* LandscapeManager.swift */ = {isa = PBXFileReference; lastKnownFileType = sourcecode.swift; path = LandscapeManager.swift; sourceTree = "<group>"; };
		185B65C7261DDF530016E2EA /* OnboardingViewController.swift */ = {isa = PBXFileReference; lastKnownFileType = sourcecode.swift; path = OnboardingViewController.swift; sourceTree = "<group>"; };
		18996FF8265F8C0A00AEC402 /* EditProfileViewController.swift */ = {isa = PBXFileReference; lastKnownFileType = sourcecode.swift; path = EditProfileViewController.swift; sourceTree = "<group>"; };
		18996FFA265F8C8400AEC402 /* AlertSettingsViewController.swift */ = {isa = PBXFileReference; lastKnownFileType = sourcecode.swift; path = AlertSettingsViewController.swift; sourceTree = "<group>"; };
		18996FFC265F8C9500AEC402 /* QuestionsViewController.swift */ = {isa = PBXFileReference; lastKnownFileType = sourcecode.swift; path = QuestionsViewController.swift; sourceTree = "<group>"; };
		18996FFE265F8CB400AEC402 /* NoticesViewController.swift */ = {isa = PBXFileReference; lastKnownFileType = sourcecode.swift; path = NoticesViewController.swift; sourceTree = "<group>"; };
		189D8842262862630097C4A9 /* TestViewController.swift */ = {isa = PBXFileReference; lastKnownFileType = sourcecode.swift; path = TestViewController.swift; sourceTree = "<group>"; };
		18B040A92635EB890018FF12 /* AdditionalProfileViewController.swift */ = {isa = PBXFileReference; lastKnownFileType = sourcecode.swift; path = AdditionalProfileViewController.swift; sourceTree = "<group>"; };
		18B040AC26383A1A0018FF12 /* About-Me-iOS.entitlements */ = {isa = PBXFileReference; lastKnownFileType = text.plist.entitlements; path = "About-Me-iOS.entitlements"; sourceTree = "<group>"; };
		18BB4BA42656827700800127 /* GmarketSansTTFMedium.ttf */ = {isa = PBXFileReference; lastKnownFileType = file; name = GmarketSansTTFMedium.ttf; path = ../../../../../Downloads/GmarketSansTTF/GmarketSansTTFMedium.ttf; sourceTree = "<group>"; };
		18BB4BA7265D512F00800127 /* AdditionalProfileApiService.swift */ = {isa = PBXFileReference; lastKnownFileType = sourcecode.swift; path = AdditionalProfileApiService.swift; sourceTree = "<group>"; };
		18BB4BA9265D557400800127 /* AdditionalProfileList.swift */ = {isa = PBXFileReference; lastKnownFileType = sourcecode.swift; path = AdditionalProfileList.swift; sourceTree = "<group>"; };
		18D02F6D264318A70015E1C5 /* Settings.storyboard */ = {isa = PBXFileReference; lastKnownFileType = file.storyboard; path = Settings.storyboard; sourceTree = "<group>"; };
		18D02F6F264318B50015E1C5 /* SettingsViewController.swift */ = {isa = PBXFileReference; lastKnownFileType = sourcecode.swift; path = SettingsViewController.swift; sourceTree = "<group>"; };
		303D176E49B1A96371CB97B1 /* Pods-About-Me-iOS.release.xcconfig */ = {isa = PBXFileReference; includeInIndex = 1; lastKnownFileType = text.xcconfig; name = "Pods-About-Me-iOS.release.xcconfig"; path = "Target Support Files/Pods-About-Me-iOS/Pods-About-Me-iOS.release.xcconfig"; sourceTree = "<group>"; };
		4695D086F5E1ED7FA37BF42C /* Pods_About_Me_iOS.framework */ = {isa = PBXFileReference; explicitFileType = wrapper.framework; includeInIndex = 0; path = Pods_About_Me_iOS.framework; sourceTree = BUILT_PRODUCTS_DIR; };
		ED4E2A372674212C230F6293 /* Pods-About-Me-iOS.debug.xcconfig */ = {isa = PBXFileReference; includeInIndex = 1; lastKnownFileType = text.xcconfig; name = "Pods-About-Me-iOS.debug.xcconfig"; path = "Target Support Files/Pods-About-Me-iOS/Pods-About-Me-iOS.debug.xcconfig"; sourceTree = "<group>"; };
/* End PBXFileReference section */

/* Begin PBXFrameworksBuildPhase section */
		0715A33B260CD1860077882A /* Frameworks */ = {
			isa = PBXFrameworksBuildPhase;
			buildActionMask = 2147483647;
			files = (
				BB1550D96B5D0731DF9A142A /* Pods_About_Me_iOS.framework in Frameworks */,
			);
			runOnlyForDeploymentPostprocessing = 0;
		};
/* End PBXFrameworksBuildPhase section */

/* Begin PBXGroup section */
		0715A335260CD1860077882A = {
			isa = PBXGroup;
			children = (
				0715A340260CD1860077882A /* About-Me-iOS */,
				0715A33F260CD1860077882A /* Products */,
				E45D6508C2D62EF6EF67D7BC /* Pods */,
				FAD1F03200034F13B6130A6E /* Frameworks */,
			);
			sourceTree = "<group>";
		};
		0715A33F260CD1860077882A /* Products */ = {
			isa = PBXGroup;
			children = (
				0715A33E260CD1860077882A /* About-Me-iOS.app */,
			);
			name = Products;
			sourceTree = "<group>";
		};
		0715A340260CD1860077882A /* About-Me-iOS */ = {
			isa = PBXGroup;
			children = (
				18BB4BA02656822700800127 /* Font */,
				18B040AC26383A1A0018FF12 /* About-Me-iOS.entitlements */,
				185B65A9261DA4AF0016E2EA /* Home_temp */,
				185B6592261D81200016E2EA /* Login */,
				0715A34A260CD1870077882A /* Assets.xcassets */,
				189D8842262862630097C4A9 /* TestViewController.swift */,
				0715A34C260CD1870077882A /* LaunchScreen.storyboard */,
				0715A34F260CD1870077882A /* Info.plist */,
				18D02F6C264318930015E1C5 /* Settings */,
			);
			path = "About-Me-iOS";
			sourceTree = "<group>";
		};
		185B6592261D81200016E2EA /* Login */ = {
			isa = PBXGroup;
			children = (
				18BB4BA6265D50D700800127 /* Service */,
				185B65BC261DCEF40016E2EA /* LandscapeManager */,
				0715A347260CD1860077882A /* Main.storyboard */,
				0715A343260CD1860077882A /* SceneDelegate.swift */,
				0715A341260CD1860077882A /* AppDelegate.swift */,
				18B040A92635EB890018FF12 /* AdditionalProfileViewController.swift */,
				185B65C7261DDF530016E2EA /* OnboardingViewController.swift */,
				0715A345260CD1860077882A /* LoginViewController.swift */,
				185B65B2261DA8020016E2EA /* ConciergeViewController.swift */,
			);
			path = Login;
			sourceTree = "<group>";
		};
		185B65A9261DA4AF0016E2EA /* Home_temp */ = {
			isa = PBXGroup;
			children = (
				185B65AA261DA4C30016E2EA /* Home_temp.storyboard */,
				185B65AE261DA5150016E2EA /* Home_tempViewController.swift */,
			);
			path = Home_temp;
			sourceTree = "<group>";
		};
		185B65BC261DCEF40016E2EA /* LandscapeManager */ = {
			isa = PBXGroup;
			children = (
				185B65B6261DAA550016E2EA /* LandscapeManager.swift */,
			);
			path = LandscapeManager;
			sourceTree = "<group>";
		};
		18BB4BA02656822700800127 /* Font */ = {
			isa = PBXGroup;
			children = (
				18BB4BA42656827700800127 /* GmarketSansTTFMedium.ttf */,
			);
			path = Font;
			sourceTree = "<group>";
		};
		18BB4BA6265D50D700800127 /* Service */ = {
			isa = PBXGroup;
			children = (
				18BB4BA7265D512F00800127 /* AdditionalProfileApiService.swift */,
				18BB4BA9265D557400800127 /* AdditionalProfileList.swift */,
			);
			path = Service;
			sourceTree = "<group>";
		};
		18D02F6C264318930015E1C5 /* Settings */ = {
			isa = PBXGroup;
			children = (
				18D02F6D264318A70015E1C5 /* Settings.storyboard */,
				18D02F6F264318B50015E1C5 /* SettingsViewController.swift */,
				18996FF8265F8C0A00AEC402 /* EditProfileViewController.swift */,
				18996FFA265F8C8400AEC402 /* AlertSettingsViewController.swift */,
				18996FFC265F8C9500AEC402 /* QuestionsViewController.swift */,
				18996FFE265F8CB400AEC402 /* NoticesViewController.swift */,
			);
			path = Settings;
			sourceTree = "<group>";
		};
		E45D6508C2D62EF6EF67D7BC /* Pods */ = {
			isa = PBXGroup;
			children = (
				ED4E2A372674212C230F6293 /* Pods-About-Me-iOS.debug.xcconfig */,
				303D176E49B1A96371CB97B1 /* Pods-About-Me-iOS.release.xcconfig */,
			);
			path = Pods;
			sourceTree = "<group>";
		};
		FAD1F03200034F13B6130A6E /* Frameworks */ = {
			isa = PBXGroup;
			children = (
				4695D086F5E1ED7FA37BF42C /* Pods_About_Me_iOS.framework */,
			);
			name = Frameworks;
			sourceTree = "<group>";
		};
/* End PBXGroup section */

/* Begin PBXNativeTarget section */
		0715A33D260CD1860077882A /* About-Me-iOS */ = {
			isa = PBXNativeTarget;
			buildConfigurationList = 0715A352260CD1870077882A /* Build configuration list for PBXNativeTarget "About-Me-iOS" */;
			buildPhases = (
				DC4E6FED338908522ED3E73D /* [CP] Check Pods Manifest.lock */,
				0715A33A260CD1860077882A /* Sources */,
				0715A33B260CD1860077882A /* Frameworks */,
				0715A33C260CD1860077882A /* Resources */,
				4B9CBC91252DC0811E4006C7 /* [CP] Embed Pods Frameworks */,
			);
			buildRules = (
			);
			dependencies = (
			);
			name = "About-Me-iOS";
			productName = "About-Me-iOS";
			productReference = 0715A33E260CD1860077882A /* About-Me-iOS.app */;
			productType = "com.apple.product-type.application";
		};
/* End PBXNativeTarget section */

/* Begin PBXProject section */
		0715A336260CD1860077882A /* Project object */ = {
			isa = PBXProject;
			attributes = {
				LastSwiftUpdateCheck = 1240;
				LastUpgradeCheck = 1240;
				TargetAttributes = {
					0715A33D260CD1860077882A = {
						CreatedOnToolsVersion = 12.4;
					};
				};
			};
			buildConfigurationList = 0715A339260CD1860077882A /* Build configuration list for PBXProject "About-Me-iOS" */;
			compatibilityVersion = "Xcode 9.3";
			developmentRegion = en;
			hasScannedForEncodings = 0;
			knownRegions = (
				en,
				Base,
			);
			mainGroup = 0715A335260CD1860077882A;
			productRefGroup = 0715A33F260CD1860077882A /* Products */;
			projectDirPath = "";
			projectRoot = "";
			targets = (
				0715A33D260CD1860077882A /* About-Me-iOS */,
			);
		};
/* End PBXProject section */

/* Begin PBXResourcesBuildPhase section */
		0715A33C260CD1860077882A /* Resources */ = {
			isa = PBXResourcesBuildPhase;
			buildActionMask = 2147483647;
			files = (
				0715A34E260CD1870077882A /* LaunchScreen.storyboard in Resources */,
				0715A34B260CD1870077882A /* Assets.xcassets in Resources */,
				0715A349260CD1860077882A /* Main.storyboard in Resources */,
				185B65AB261DA4C30016E2EA /* Home_temp.storyboard in Resources */,
				18D02F6E264318A70015E1C5 /* Settings.storyboard in Resources */,
				18BB4BA52656827700800127 /* GmarketSansTTFMedium.ttf in Resources */,
			);
			runOnlyForDeploymentPostprocessing = 0;
		};
/* End PBXResourcesBuildPhase section */

/* Begin PBXShellScriptBuildPhase section */
		4B9CBC91252DC0811E4006C7 /* [CP] Embed Pods Frameworks */ = {
			isa = PBXShellScriptBuildPhase;
			buildActionMask = 2147483647;
			files = (
			);
			inputFileListPaths = (
				"${PODS_ROOT}/Target Support Files/Pods-About-Me-iOS/Pods-About-Me-iOS-frameworks-${CONFIGURATION}-input-files.xcfilelist",
			);
			name = "[CP] Embed Pods Frameworks";
			outputFileListPaths = (
				"${PODS_ROOT}/Target Support Files/Pods-About-Me-iOS/Pods-About-Me-iOS-frameworks-${CONFIGURATION}-output-files.xcfilelist",
			);
			runOnlyForDeploymentPostprocessing = 0;
			shellPath = /bin/sh;
			shellScript = "\"${PODS_ROOT}/Target Support Files/Pods-About-Me-iOS/Pods-About-Me-iOS-frameworks.sh\"\n";
			showEnvVarsInLog = 0;
		};
		DC4E6FED338908522ED3E73D /* [CP] Check Pods Manifest.lock */ = {
			isa = PBXShellScriptBuildPhase;
			buildActionMask = 2147483647;
			files = (
			);
			inputFileListPaths = (
			);
			inputPaths = (
				"${PODS_PODFILE_DIR_PATH}/Podfile.lock",
				"${PODS_ROOT}/Manifest.lock",
			);
			name = "[CP] Check Pods Manifest.lock";
			outputFileListPaths = (
			);
			outputPaths = (
				"$(DERIVED_FILE_DIR)/Pods-About-Me-iOS-checkManifestLockResult.txt",
			);
			runOnlyForDeploymentPostprocessing = 0;
			shellPath = /bin/sh;
			shellScript = "diff \"${PODS_PODFILE_DIR_PATH}/Podfile.lock\" \"${PODS_ROOT}/Manifest.lock\" > /dev/null\nif [ $? != 0 ] ; then\n    # print error to STDERR\n    echo \"error: The sandbox is not in sync with the Podfile.lock. Run 'pod install' or update your CocoaPods installation.\" >&2\n    exit 1\nfi\n# This output is used by Xcode 'outputs' to avoid re-running this script phase.\necho \"SUCCESS\" > \"${SCRIPT_OUTPUT_FILE_0}\"\n";
			showEnvVarsInLog = 0;
		};
/* End PBXShellScriptBuildPhase section */

/* Begin PBXSourcesBuildPhase section */
		0715A33A260CD1860077882A /* Sources */ = {
			isa = PBXSourcesBuildPhase;
			buildActionMask = 2147483647;
			files = (
				18996FF9265F8C0A00AEC402 /* EditProfileViewController.swift in Sources */,
				185B65C8261DDF530016E2EA /* OnboardingViewController.swift in Sources */,
				0715A346260CD1860077882A /* LoginViewController.swift in Sources */,
				189D8843262862630097C4A9 /* TestViewController.swift in Sources */,
				18D02F70264318B50015E1C5 /* SettingsViewController.swift in Sources */,
				185B65AF261DA5150016E2EA /* Home_tempViewController.swift in Sources */,
				0715A342260CD1860077882A /* AppDelegate.swift in Sources */,
				18BB4BA8265D512F00800127 /* AdditionalProfileApiService.swift in Sources */,
				18B040AA2635EB890018FF12 /* AdditionalProfileViewController.swift in Sources */,
				18BB4BAA265D557400800127 /* AdditionalProfileList.swift in Sources */,
				18996FFF265F8CB400AEC402 /* NoticesViewController.swift in Sources */,
				185B65B7261DAA550016E2EA /* LandscapeManager.swift in Sources */,
				18996FFD265F8C9500AEC402 /* QuestionsViewController.swift in Sources */,
				18996FFB265F8C8400AEC402 /* AlertSettingsViewController.swift in Sources */,
				185B65B3261DA8020016E2EA /* ConciergeViewController.swift in Sources */,
				0715A344260CD1860077882A /* SceneDelegate.swift in Sources */,
			);
			runOnlyForDeploymentPostprocessing = 0;
		};
/* End PBXSourcesBuildPhase section */

/* Begin PBXVariantGroup section */
		0715A347260CD1860077882A /* Main.storyboard */ = {
			isa = PBXVariantGroup;
			children = (
				0715A348260CD1860077882A /* Base */,
			);
			name = Main.storyboard;
			sourceTree = "<group>";
		};
		0715A34C260CD1870077882A /* LaunchScreen.storyboard */ = {
			isa = PBXVariantGroup;
			children = (
				0715A34D260CD1870077882A /* Base */,
			);
			name = LaunchScreen.storyboard;
			sourceTree = "<group>";
		};
/* End PBXVariantGroup section */

/* Begin XCBuildConfiguration section */
		0715A350260CD1870077882A /* Debug */ = {
			isa = XCBuildConfiguration;
			buildSettings = {
				ALWAYS_SEARCH_USER_PATHS = NO;
				CLANG_ANALYZER_NONNULL = YES;
				CLANG_ANALYZER_NUMBER_OBJECT_CONVERSION = YES_AGGRESSIVE;
				CLANG_CXX_LANGUAGE_STANDARD = "gnu++14";
				CLANG_CXX_LIBRARY = "libc++";
				CLANG_ENABLE_MODULES = YES;
				CLANG_ENABLE_OBJC_ARC = YES;
				CLANG_ENABLE_OBJC_WEAK = YES;
				CLANG_WARN_BLOCK_CAPTURE_AUTORELEASING = YES;
				CLANG_WARN_BOOL_CONVERSION = YES;
				CLANG_WARN_COMMA = YES;
				CLANG_WARN_CONSTANT_CONVERSION = YES;
				CLANG_WARN_DEPRECATED_OBJC_IMPLEMENTATIONS = YES;
				CLANG_WARN_DIRECT_OBJC_ISA_USAGE = YES_ERROR;
				CLANG_WARN_DOCUMENTATION_COMMENTS = YES;
				CLANG_WARN_EMPTY_BODY = YES;
				CLANG_WARN_ENUM_CONVERSION = YES;
				CLANG_WARN_INFINITE_RECURSION = YES;
				CLANG_WARN_INT_CONVERSION = YES;
				CLANG_WARN_NON_LITERAL_NULL_CONVERSION = YES;
				CLANG_WARN_OBJC_IMPLICIT_RETAIN_SELF = YES;
				CLANG_WARN_OBJC_LITERAL_CONVERSION = YES;
				CLANG_WARN_OBJC_ROOT_CLASS = YES_ERROR;
				CLANG_WARN_QUOTED_INCLUDE_IN_FRAMEWORK_HEADER = YES;
				CLANG_WARN_RANGE_LOOP_ANALYSIS = YES;
				CLANG_WARN_STRICT_PROTOTYPES = YES;
				CLANG_WARN_SUSPICIOUS_MOVE = YES;
				CLANG_WARN_UNGUARDED_AVAILABILITY = YES_AGGRESSIVE;
				CLANG_WARN_UNREACHABLE_CODE = YES;
				CLANG_WARN__DUPLICATE_METHOD_MATCH = YES;
				COPY_PHASE_STRIP = NO;
				DEBUG_INFORMATION_FORMAT = dwarf;
				ENABLE_STRICT_OBJC_MSGSEND = YES;
				ENABLE_TESTABILITY = YES;
				GCC_C_LANGUAGE_STANDARD = gnu11;
				GCC_DYNAMIC_NO_PIC = NO;
				GCC_NO_COMMON_BLOCKS = YES;
				GCC_OPTIMIZATION_LEVEL = 0;
				GCC_PREPROCESSOR_DEFINITIONS = (
					"DEBUG=1",
					"$(inherited)",
				);
				GCC_WARN_64_TO_32_BIT_CONVERSION = YES;
				GCC_WARN_ABOUT_RETURN_TYPE = YES_ERROR;
				GCC_WARN_UNDECLARED_SELECTOR = YES;
				GCC_WARN_UNINITIALIZED_AUTOS = YES_AGGRESSIVE;
				GCC_WARN_UNUSED_FUNCTION = YES;
				GCC_WARN_UNUSED_VARIABLE = YES;
				IPHONEOS_DEPLOYMENT_TARGET = 14.4;
				MTL_ENABLE_DEBUG_INFO = INCLUDE_SOURCE;
				MTL_FAST_MATH = YES;
				ONLY_ACTIVE_ARCH = YES;
				SDKROOT = iphoneos;
				SWIFT_ACTIVE_COMPILATION_CONDITIONS = DEBUG;
				SWIFT_OPTIMIZATION_LEVEL = "-Onone";
			};
			name = Debug;
		};
		0715A351260CD1870077882A /* Release */ = {
			isa = XCBuildConfiguration;
			buildSettings = {
				ALWAYS_SEARCH_USER_PATHS = NO;
				CLANG_ANALYZER_NONNULL = YES;
				CLANG_ANALYZER_NUMBER_OBJECT_CONVERSION = YES_AGGRESSIVE;
				CLANG_CXX_LANGUAGE_STANDARD = "gnu++14";
				CLANG_CXX_LIBRARY = "libc++";
				CLANG_ENABLE_MODULES = YES;
				CLANG_ENABLE_OBJC_ARC = YES;
				CLANG_ENABLE_OBJC_WEAK = YES;
				CLANG_WARN_BLOCK_CAPTURE_AUTORELEASING = YES;
				CLANG_WARN_BOOL_CONVERSION = YES;
				CLANG_WARN_COMMA = YES;
				CLANG_WARN_CONSTANT_CONVERSION = YES;
				CLANG_WARN_DEPRECATED_OBJC_IMPLEMENTATIONS = YES;
				CLANG_WARN_DIRECT_OBJC_ISA_USAGE = YES_ERROR;
				CLANG_WARN_DOCUMENTATION_COMMENTS = YES;
				CLANG_WARN_EMPTY_BODY = YES;
				CLANG_WARN_ENUM_CONVERSION = YES;
				CLANG_WARN_INFINITE_RECURSION = YES;
				CLANG_WARN_INT_CONVERSION = YES;
				CLANG_WARN_NON_LITERAL_NULL_CONVERSION = YES;
				CLANG_WARN_OBJC_IMPLICIT_RETAIN_SELF = YES;
				CLANG_WARN_OBJC_LITERAL_CONVERSION = YES;
				CLANG_WARN_OBJC_ROOT_CLASS = YES_ERROR;
				CLANG_WARN_QUOTED_INCLUDE_IN_FRAMEWORK_HEADER = YES;
				CLANG_WARN_RANGE_LOOP_ANALYSIS = YES;
				CLANG_WARN_STRICT_PROTOTYPES = YES;
				CLANG_WARN_SUSPICIOUS_MOVE = YES;
				CLANG_WARN_UNGUARDED_AVAILABILITY = YES_AGGRESSIVE;
				CLANG_WARN_UNREACHABLE_CODE = YES;
				CLANG_WARN__DUPLICATE_METHOD_MATCH = YES;
				COPY_PHASE_STRIP = NO;
				DEBUG_INFORMATION_FORMAT = "dwarf-with-dsym";
				ENABLE_NS_ASSERTIONS = NO;
				ENABLE_STRICT_OBJC_MSGSEND = YES;
				GCC_C_LANGUAGE_STANDARD = gnu11;
				GCC_NO_COMMON_BLOCKS = YES;
				GCC_WARN_64_TO_32_BIT_CONVERSION = YES;
				GCC_WARN_ABOUT_RETURN_TYPE = YES_ERROR;
				GCC_WARN_UNDECLARED_SELECTOR = YES;
				GCC_WARN_UNINITIALIZED_AUTOS = YES_AGGRESSIVE;
				GCC_WARN_UNUSED_FUNCTION = YES;
				GCC_WARN_UNUSED_VARIABLE = YES;
				IPHONEOS_DEPLOYMENT_TARGET = 14.4;
				MTL_ENABLE_DEBUG_INFO = NO;
				MTL_FAST_MATH = YES;
				SDKROOT = iphoneos;
				SWIFT_COMPILATION_MODE = wholemodule;
				SWIFT_OPTIMIZATION_LEVEL = "-O";
				VALIDATE_PRODUCT = YES;
			};
			name = Release;
		};
		0715A353260CD1870077882A /* Debug */ = {
			isa = XCBuildConfiguration;
			baseConfigurationReference = ED4E2A372674212C230F6293 /* Pods-About-Me-iOS.debug.xcconfig */;
			buildSettings = {
				ASSETCATALOG_COMPILER_APPICON_NAME = AppIcon;
				ASSETCATALOG_COMPILER_GLOBAL_ACCENT_COLOR_NAME = AccentColor;
				CODE_SIGN_ENTITLEMENTS = "About-Me-iOS/About-Me-iOS.entitlements";
				CODE_SIGN_STYLE = Automatic;
				DEVELOPMENT_TEAM = 3YTL39LSBC;
				INFOPLIST_FILE = "About-Me-iOS/Info.plist";
				LD_RUNPATH_SEARCH_PATHS = (
					"$(inherited)",
					"@executable_path/Frameworks",
				);
				PRODUCT_BUNDLE_IDENTIFIER = "hyeoni.About-Me-iOS";
				PRODUCT_NAME = "$(TARGET_NAME)";
				SWIFT_VERSION = 5.0;
				TARGETED_DEVICE_FAMILY = "1,2";
			};
			name = Debug;
		};
		0715A354260CD1870077882A /* Release */ = {
			isa = XCBuildConfiguration;
			baseConfigurationReference = 303D176E49B1A96371CB97B1 /* Pods-About-Me-iOS.release.xcconfig */;
			buildSettings = {
				ASSETCATALOG_COMPILER_APPICON_NAME = AppIcon;
				ASSETCATALOG_COMPILER_GLOBAL_ACCENT_COLOR_NAME = AccentColor;
				CODE_SIGN_ENTITLEMENTS = "About-Me-iOS/About-Me-iOS.entitlements";
				CODE_SIGN_STYLE = Automatic;
				DEVELOPMENT_TEAM = 3YTL39LSBC;
				INFOPLIST_FILE = "About-Me-iOS/Info.plist";
				LD_RUNPATH_SEARCH_PATHS = (
					"$(inherited)",
					"@executable_path/Frameworks",
				);
				PRODUCT_BUNDLE_IDENTIFIER = "hyeoni.About-Me-iOS";
				PRODUCT_NAME = "$(TARGET_NAME)";
				SWIFT_VERSION = 5.0;
				TARGETED_DEVICE_FAMILY = "1,2";
			};
			name = Release;
		};
/* End XCBuildConfiguration section */

/* Begin XCConfigurationList section */
		0715A339260CD1860077882A /* Build configuration list for PBXProject "About-Me-iOS" */ = {
			isa = XCConfigurationList;
			buildConfigurations = (
				0715A350260CD1870077882A /* Debug */,
				0715A351260CD1870077882A /* Release */,
			);
			defaultConfigurationIsVisible = 0;
			defaultConfigurationName = Release;
		};
		0715A352260CD1870077882A /* Build configuration list for PBXNativeTarget "About-Me-iOS" */ = {
			isa = XCConfigurationList;
			buildConfigurations = (
				0715A353260CD1870077882A /* Debug */,
				0715A354260CD1870077882A /* Release */,
			);
			defaultConfigurationIsVisible = 0;
			defaultConfigurationName = Release;
		};
/* End XCConfigurationList section */
	};
	rootObject = 0715A336260CD1860077882A /* Project object */;
}
